{
  "nodes": {
    "ivanpkgs": {
      "locked": {
        "lastModified": 1748575622,
        "narHash": "sha256-R1UbcuJX2jT0/KIBId977t9f2H9YndMWUdaqLqG57BY=",
        "owner": "iwei20",
        "repo": "nixpkgs",
        "rev": "6fe1b5b11010b2b5c4f3e5a20f3c702be92c1490",
        "type": "github"
      },
      "original": {
        "owner": "iwei20",
        "ref": "fix-jextract",
        "repo": "nixpkgs",
        "type": "github"
      }
    },
    "nixpkgs": {
      "locked": {
        "lastModified": 1746576598,
        "narHash": "sha256-FshoQvr6Aor5SnORVvh/ZdJ1Sa2U4ZrIMwKBX5k2wu0=",
        "owner": "NixOS",
        "repo": "nixpkgs",
        "rev": "b3582c75c7f21ce0b429898980eddbbf05c68e55",
        "type": "github"
      },
      "original": {
        "owner": "NixOS",
        "ref": "nixpkgs-unstable",
        "repo": "nixpkgs",
        "type": "github"
      }
    },
    "root": {
      "inputs": {
        "ivanpkgs": "ivanpkgs",
        "nixpkgs": "nixpkgs"
      }
    }
  },
  "root": "root",
  "version": 7
}
